
Microsoft Visual Studio Solution File, Format Version 12.00
# Visual Studio Version 17
VisualStudioVersion = 17.0.31903.59
MinimumVisualStudioVersion = 10.0.40219.1
Project("{FAE04EC0-301F-11D3-BF4B-00C04F79EFBC}") = "PhanChiThong_DataAccess", "PhanChiThong_DataAccess\PhanChiThong_DataAccess.csproj", "{4AB381CB-77FA-4D65-93F6-49E578125426}"
EndProject
Project("{FAE04EC0-301F-11D3-BF4B-00C04F79EFBC}") = "PhanChiThong_BusinessLogic", "PhanChiThong_BusinessLogic\PhanChiThong_BusinessLogic.csproj", "{6AA7012F-14EE-4AE3-83E9-E7110F39C515}"
EndProject
Project("{FAE04EC0-301F-11D3-BF4B-00C04F79EFBC}") = "PhanChiThongMVC", "PhanChiThongMVC\PhanChiThongMVC.csproj", "{EC44F6F2-6B14-4FF0-B7F2-8D3D873790D5}"
EndProject
Global
	GlobalSection(SolutionConfigurationPlatforms) = preSolution
		Debug|Any CPU = Debug|Any CPU
		Debug|x64 = Debug|x64
		Debug|x86 = Debug|x86
		Release|Any CPU = Release|Any CPU
		Release|x64 = Release|x64
		Release|x86 = Release|x86
	EndGlobalSection
	GlobalSection(ProjectConfigurationPlatforms) = postSolution
		{4AB381CB-77FA-4D65-93F6-49E578125426}.Debug|Any CPU.ActiveCfg = Debug|Any CPU
		{4AB381CB-77FA-4D65-93F6-49E578125426}.Debug|Any CPU.Build.0 = Debug|Any CPU
		{4AB381CB-77FA-4D65-93F6-49E578125426}.Debug|x64.ActiveCfg = Debug|Any CPU
		{4AB381CB-77FA-4D65-93F6-49E578125426}.Debug|x64.Build.0 = Debug|Any CPU
		{4AB381CB-77FA-4D65-93F6-49E578125426}.Debug|x86.ActiveCfg = Debug|Any CPU
		{4AB381CB-77FA-4D65-93F6-49E578125426}.Debug|x86.Build.0 = Debug|Any CPU
		{4AB381CB-77FA-4D65-93F6-49E578125426}.Release|Any CPU.ActiveCfg = Release|Any CPU
		{4AB381CB-77FA-4D65-93F6-49E578125426}.Release|Any CPU.Build.0 = Release|Any CPU
		{4AB381CB-77FA-4D65-93F6-49E578125426}.Release|x64.ActiveCfg = Release|Any CPU
		{4AB381CB-77FA-4D65-93F6-49E578125426}.Release|x64.Build.0 = Release|Any CPU
		{4AB381CB-77FA-4D65-93F6-49E578125426}.Release|x86.ActiveCfg = Release|Any CPU
		{4AB381CB-77FA-4D65-93F6-49E578125426}.Release|x86.Build.0 = Release|Any CPU
		{6AA7012F-14EE-4AE3-83E9-E7110F39C515}.Debug|Any CPU.ActiveCfg = Debug|Any CPU
		{6AA7012F-14EE-4AE3-83E9-E7110F39C515}.Debug|Any CPU.Build.0 = Debug|Any CPU
		{6AA7012F-14EE-4AE3-83E9-E7110F39C515}.Debug|x64.ActiveCfg = Debug|Any CPU
		{6AA7012F-14EE-4AE3-83E9-E7110F39C515}.Debug|x64.Build.0 = Debug|Any CPU
		{6AA7012F-14EE-4AE3-83E9-E7110F39C515}.Debug|x86.ActiveCfg = Debug|Any CPU
		{6AA7012F-14EE-4AE3-83E9-E7110F39C515}.Debug|x86.Build.0 = Debug|Any CPU
		{6AA7012F-14EE-4AE3-83E9-E7110F39C515}.Release|Any CPU.ActiveCfg = Release|Any CPU
		{6AA7012F-14EE-4AE3-83E9-E7110F39C515}.Release|Any CPU.Build.0 = Release|Any CPU
		{6AA7012F-14EE-4AE3-83E9-E7110F39C515}.Release|x64.ActiveCfg = Release|Any CPU
		{6AA7012F-14EE-4AE3-83E9-E7110F39C515}.Release|x64.Build.0 = Release|Any CPU
		{6AA7012F-14EE-4AE3-83E9-E7110F39C515}.Release|x86.ActiveCfg = Release|Any CPU
		{6AA7012F-14EE-4AE3-83E9-E7110F39C515}.Release|x86.Build.0 = Release|Any CPU
		{EC44F6F2-6B14-4FF0-B7F2-8D3D873790D5}.Debug|Any CPU.ActiveCfg = Debug|Any CPU
		{EC44F6F2-6B14-4FF0-B7F2-8D3D873790D5}.Debug|Any CPU.Build.0 = Debug|Any CPU
		{EC44F6F2-6B14-4FF0-B7F2-8D3D873790D5}.Debug|x64.ActiveCfg = Debug|Any CPU
		{EC44F6F2-6B14-4FF0-B7F2-8D3D873790D5}.Debug|x64.Build.0 = Debug|Any CPU
		{EC44F6F2-6B14-4FF0-B7F2-8D3D873790D5}.Debug|x86.ActiveCfg = Debug|Any CPU
		{EC44F6F2-6B14-4FF0-B7F2-8D3D873790D5}.Debug|x86.Build.0 = Debug|Any CPU
		{EC44F6F2-6B14-4FF0-B7F2-8D3D873790D5}.Release|Any CPU.ActiveCfg = Release|Any CPU
		{EC44F6F2-6B14-4FF0-B7F2-8D3D873790D5}.Release|Any CPU.Build.0 = Release|Any CPU
		{EC44F6F2-6B14-4FF0-B7F2-8D3D873790D5}.Release|x64.ActiveCfg = Release|Any CPU
		{EC44F6F2-6B14-4FF0-B7F2-8D3D873790D5}.Release|x64.Build.0 = Release|Any CPU
		{EC44F6F2-6B14-4FF0-B7F2-8D3D873790D5}.Release|x86.ActiveCfg = Release|Any CPU
		{EC44F6F2-6B14-4FF0-B7F2-8D3D873790D5}.Release|x86.Build.0 = Release|Any CPU
	EndGlobalSection
	GlobalSection(SolutionProperties) = preSolution
		HideSolutionNode = FALSE
	EndGlobalSection
EndGlobal
